// !$*UTF8*$!
{
	archiveVersion = 1;
	classes = {
	};
	objectVersion = 50;
	objects = {

/* Begin PBXBuildFile section */
		7625B90726ABFC4300650D44 /* MyTestCell.swift in Sources */ = {isa = PBXBuildFile; fileRef = 7625B90526ABFC4300650D44 /* MyTestCell.swift */; };
		7625B90826ABFC4300650D44 /* MyTestCell.xib in Resources */ = {isa = PBXBuildFile; fileRef = 7625B90626ABFC4300650D44 /* MyTestCell.xib */; };
		7669FFD626A8440100FED6C9 /* AppDelegate.swift in Sources */ = {isa = PBXBuildFile; fileRef = 7669FFD526A8440100FED6C9 /* AppDelegate.swift */; };
		7669FFD826A8440100FED6C9 /* SceneDelegate.swift in Sources */ = {isa = PBXBuildFile; fileRef = 7669FFD726A8440100FED6C9 /* SceneDelegate.swift */; };
		7669FFDF26A8440200FED6C9 /* Assets.xcassets in Resources */ = {isa = PBXBuildFile; fileRef = 7669FFDE26A8440200FED6C9 /* Assets.xcassets */; };
		7669FFE226A8440200FED6C9 /* LaunchScreen.storyboard in Resources */ = {isa = PBXBuildFile; fileRef = 7669FFE026A8440200FED6C9 /* LaunchScreen.storyboard */; };
		7669FFEB26A8447000FED6C9 /* SampleVC.xib in Resources */ = {isa = PBXBuildFile; fileRef = 7669FFEA26A8447000FED6C9 /* SampleVC.xib */; };
		7669FFED26A8448700FED6C9 /* SampleVC.swift in Sources */ = {isa = PBXBuildFile; fileRef = 7669FFEC26A8448700FED6C9 /* SampleVC.swift */; };
/* End PBXBuildFile section */

/* Begin PBXFileReference section */
		7625B90526ABFC4300650D44 /* MyTestCell.swift */ = {isa = PBXFileReference; lastKnownFileType = sourcecode.swift; path = MyTestCell.swift; sourceTree = "<group>"; };
		7625B90626ABFC4300650D44 /* MyTestCell.xib */ = {isa = PBXFileReference; lastKnownFileType = file.xib; path = MyTestCell.xib; sourceTree = "<group>"; };
		7669FFD226A8440100FED6C9 /* xibTestProject.app */ = {isa = PBXFileReference; explicitFileType = wrapper.application; includeInIndex = 0; path = xibTestProject.app; sourceTree = BUILT_PRODUCTS_DIR; };
		7669FFD526A8440100FED6C9 /* AppDelegate.swift */ = {isa = PBXFileReference; lastKnownFileType = sourcecode.swift; path = AppDelegate.swift; sourceTree = "<group>"; };
		7669FFD726A8440100FED6C9 /* SceneDelegate.swift */ = {isa = PBXFileReference; lastKnownFileType = sourcecode.swift; path = SceneDelegate.swift; sourceTree = "<group>"; };
		7669FFDE26A8440200FED6C9 /* Assets.xcassets */ = {isa = PBXFileReference; lastKnownFileType = folder.assetcatalog; path = Assets.xcassets; sourceTree = "<group>"; };
		7669FFE126A8440200FED6C9 /* Base */ = {isa = PBXFileReference; lastKnownFileType = file.storyboard; name = Base; path = Base.lproj/LaunchScreen.storyboard; sourceTree = "<group>"; };
		7669FFE326A8440200FED6C9 /* Info.plist */ = {isa = PBXFileReference; lastKnownFileType = text.plist.xml; path = Info.plist; sourceTree = "<group>"; };
		7669FFEA26A8447000FED6C9 /* SampleVC.xib */ = {isa = PBXFileReference; lastKnownFileType = file.xib; path = SampleVC.xib; sourceTree = "<group>"; };
		7669FFEC26A8448700FED6C9 /* SampleVC.swift */ = {isa = PBXFileReference; lastKnownFileType = sourcecode.swift; path = SampleVC.swift; sourceTree = "<group>"; };
/* End PBXFileReference section */

/* Begin PBXFrameworksBuildPhase section */
		7669FFCF26A8440100FED6C9 /* Frameworks */ = {
			isa = PBXFrameworksBuildPhase;
			buildActionMask = 2147483647;
			files = (
			);
			runOnlyForDeploymentPostprocessing = 0;
		};
/* End PBXFrameworksBuildPhase section */

/* Begin PBXGroup section */
		7669FFC926A8440100FED6C9 = {
			isa = PBXGroup;
			children = (
				7669FFD426A8440100FED6C9 /* xibTestProject */,
				7669FFD326A8440100FED6C9 /* Products */,
			);
			sourceTree = "<group>";
		};
		7669FFD326A8440100FED6C9 /* Products */ = {
			isa = PBXGroup;
			children = (
				7669FFD226A8440100FED6C9 /* xibTestProject.app */,
			);
			name = Products;
			sourceTree = "<group>";
		};
		7669FFD426A8440100FED6C9 /* xibTestProject */ = {
			isa = PBXGroup;
			children = (
				7669FFEE26AB162E00FED6C9 /* Cell */,
				7669FFE926A8442200FED6C9 /* Main */,
				7669FFD526A8440100FED6C9 /* AppDelegate.swift */,
				7669FFD726A8440100FED6C9 /* SceneDelegate.swift */,
				7669FFDE26A8440200FED6C9 /* Assets.xcassets */,
				7669FFE026A8440200FED6C9 /* LaunchScreen.storyboard */,
				7669FFE326A8440200FED6C9 /* Info.plist */,
			);
			path = xibTestProject;
			sourceTree = "<group>";
		};
		7669FFE926A8442200FED6C9 /* Main */ = {
			isa = PBXGroup;
			children = (
				7669FFEA26A8447000FED6C9 /* SampleVC.xib */,
				7669FFEC26A8448700FED6C9 /* SampleVC.swift */,
			);
			path = Main;
			sourceTree = "<group>";
		};
		7669FFEE26AB162E00FED6C9 /* Cell */ = {
			isa = PBXGroup;
			children = (
				7625B90526ABFC4300650D44 /* MyTestCell.swift */,
				7625B90626ABFC4300650D44 /* MyTestCell.xib */,
			);
			path = Cell;
			sourceTree = "<group>";
		};
/* End PBXGroup section */

/* Begin PBXNativeTarget section */
		7669FFD126A8440100FED6C9 /* xibTestProject */ = {
			isa = PBXNativeTarget;
			buildConfigurationList = 7669FFE626A8440200FED6C9 /* Build configuration list for PBXNativeTarget "xibTestProject" */;
			buildPhases = (
				7669FFCE26A8440100FED6C9 /* Sources */,
				7669FFCF26A8440100FED6C9 /* Frameworks */,
				7669FFD026A8440100FED6C9 /* Resources */,
			);
			buildRules = (
			);
			dependencies = (
			);
			name = xibTestProject;
			productName = xibTestProject;
			productReference = 7669FFD226A8440100FED6C9 /* xibTestProject.app */;
			productType = "com.apple.product-type.application";
		};
/* End PBXNativeTarget section */

/* Begin PBXProject section */
		7669FFCA26A8440100FED6C9 /* Project object */ = {
			isa = PBXProject;
			attributes = {
				LastSwiftUpdateCheck = 1250;
				LastUpgradeCheck = 1250;
				TargetAttributes = {
					7669FFD126A8440100FED6C9 = {
						CreatedOnToolsVersion = 12.5.1;
					};
				};
			};
			buildConfigurationList = 7669FFCD26A8440100FED6C9 /* Build configuration list for PBXProject "xibTestProject" */;
			compatibilityVersion = "Xcode 9.3";
			developmentRegion = en;
			hasScannedForEncodings = 0;
			knownRegions = (
				en,
				Base,
			);
			mainGroup = 7669FFC926A8440100FED6C9;
			productRefGroup = 7669FFD326A8440100FED6C9 /* Products */;
			projectDirPath = "";
			projectRoot = "";
			targets = (
				7669FFD126A8440100FED6C9 /* xibTestProject */,
			);
		};
/* End PBXProject section */

/* Begin PBXResourcesBuildPhase section */
		7669FFD026A8440100FED6C9 /* Resources */ = {
			isa = PBXResourcesBuildPhase;
			buildActionMask = 2147483647;
			files = (
				7669FFEB26A8447000FED6C9 /* SampleVC.xib in Resources */,
				7625B90826ABFC4300650D44 /* MyTestCell.xib in Resources */,
				7669FFE226A8440200FED6C9 /* LaunchScreen.storyboard in Resources */,
				7669FFDF26A8440200FED6C9 /* Assets.xcassets in Resources */,
			);
			runOnlyForDeploymentPostprocessing = 0;
		};
/* End PBXResourcesBuildPhase section */

/* Begin PBXSourcesBuildPhase section */
		7669FFCE26A8440100FED6C9 /* Sources */ = {
			isa = PBXSourcesBuildPhase;
			buildActionMask = 2147483647;
			files = (
				7669FFED26A8448700FED6C9 /* SampleVC.swift in Sources */,
				7625B90726ABFC4300650D44 /* MyTestCell.swift in Sources */,
				7669FFD626A8440100FED6C9 /* AppDelegate.swift in Sources */,
				7669FFD826A8440100FED6C9 /* SceneDelegate.swift in Sources */,
			);
			runOnlyForDeploymentPostprocessing = 0;
		};
/* End PBXSourcesBuildPhase section */

/* Begin PBXVariantGroup section */
		7669FFE026A8440200FED6C9 /* LaunchScreen.storyboard */ = {
			isa = PBXVariantGroup;
			children = (
				7669FFE126A8440200FED6C9 /* Base */,
			);
			name = LaunchScreen.storyboard;
			sourceTree = "<group>";
		};
/* End PBXVariantGroup section */

/* Begin XCBuildConfiguration section */
		7669FFE426A8440200FED6C9 /* Debug */ = {
			isa = XCBuildConfiguration;
			buildSettings = {
				ALWAYS_SEARCH_USER_PATHS = NO;
				CLANG_ANALYZER_NONNULL = YES;
				CLANG_ANALYZER_NUMBER_OBJECT_CONVERSION = YES_AGGRESSIVE;
				CLANG_CXX_LANGUAGE_STANDARD = "gnu++14";
				CLANG_CXX_LIBRARY = "libc++";
				CLANG_ENABLE_MODULES = YES;
				CLANG_ENABLE_OBJC_ARC = YES;
				CLANG_ENABLE_OBJC_WEAK = YES;
				CLANG_WARN_BLOCK_CAPTURE_AUTORELEASING = YES;
				CLANG_WARN_BOOL_CONVERSION = YES;
				CLANG_WARN_COMMA = YES;
				CLANG_WARN_CONSTANT_CONVERSION = YES;
				CLANG_WARN_DEPRECATED_OBJC_IMPLEMENTATIONS = YES;
				CLANG_WARN_DIRECT_OBJC_ISA_USAGE = YES_ERROR;
				CLANG_WARN_DOCUMENTATION_COMMENTS = YES;
				CLANG_WARN_EMPTY_BODY = YES;
				CLANG_WARN_ENUM_CONVERSION = YES;
				CLANG_WARN_INFINITE_RECURSION = YES;
				CLANG_WARN_INT_CONVERSION = YES;
				CLANG_WARN_NON_LITERAL_NULL_CONVERSION = YES;
				CLANG_WARN_OBJC_IMPLICIT_RETAIN_SELF = YES;
				CLANG_WARN_OBJC_LITERAL_CONVERSION = YES;
				CLANG_WARN_OBJC_ROOT_CLASS = YES_ERROR;
				CLANG_WARN_QUOTED_INCLUDE_IN_FRAMEWORK_HEADER = YES;
				CLANG_WARN_RANGE_LOOP_ANALYSIS = YES;
				CLANG_WARN_STRICT_PROTOTYPES = YES;
				CLANG_WARN_SUSPICIOUS_MOVE = YES;
				CLANG_WARN_UNGUARDED_AVAILABILITY = YES_AGGRESSIVE;
				CLANG_WARN_UNREACHABLE_CODE = YES;
				CLANG_WARN__DUPLICATE_METHOD_MATCH = YES;
				COPY_PHASE_STRIP = NO;
				DEBUG_INFORMATION_FORMAT = dwarf;
				ENABLE_STRICT_OBJC_MSGSEND = YES;
				ENABLE_TESTABILITY = YES;
				GCC_C_LANGUAGE_STANDARD = gnu11;
				GCC_DYNAMIC_NO_PIC = NO;
				GCC_NO_COMMON_BLOCKS = YES;
				GCC_OPTIMIZATION_LEVEL = 0;
				GCC_PREPROCESSOR_DEFINITIONS = (
					"DEBUG=1",
					"$(inherited)",
				);
				GCC_WARN_64_TO_32_BIT_CONVERSION = YES;
				GCC_WARN_ABOUT_RETURN_TYPE = YES_ERROR;
				GCC_WARN_UNDECLARED_SELECTOR = YES;
				GCC_WARN_UNINITIALIZED_AUTOS = YES_AGGRESSIVE;
				GCC_WARN_UNUSED_FUNCTION = YES;
				GCC_WARN_UNUSED_VARIABLE = YES;
				IPHONEOS_DEPLOYMENT_TARGET = 14.5;
				MTL_ENABLE_DEBUG_INFO = INCLUDE_SOURCE;
				MTL_FAST_MATH = YES;
				ONLY_ACTIVE_ARCH = YES;
				SDKROOT = iphoneos;
				SWIFT_ACTIVE_COMPILATION_CONDITIONS = DEBUG;
				SWIFT_OPTIMIZATION_LEVEL = "-Onone";
			};
			name = Debug;
		};
		7669FFE526A8440200FED6C9 /* Release */ = {
			isa = XCBuildConfiguration;
			buildSettings = {
				ALWAYS_SEARCH_USER_PATHS = NO;
				CLANG_ANALYZER_NONNULL = YES;
				CLANG_ANALYZER_NUMBER_OBJECT_CONVERSION = YES_AGGRESSIVE;
				CLANG_CXX_LANGUAGE_STANDARD = "gnu++14";
				CLANG_CXX_LIBRARY = "libc++";
				CLANG_ENABLE_MODULES = YES;
				CLANG_ENABLE_OBJC_ARC = YES;
				CLANG_ENABLE_OBJC_WEAK = YES;
				CLANG_WARN_BLOCK_CAPTURE_AUTORELEASING = YES;
				CLANG_WARN_BOOL_CONVERSION = YES;
				CLANG_WARN_COMMA = YES;
				CLANG_WARN_CONSTANT_CONVERSION = YES;
				CLANG_WARN_DEPRECATED_OBJC_IMPLEMENTATIONS = YES;
				CLANG_WARN_DIRECT_OBJC_ISA_USAGE = YES_ERROR;
				CLANG_WARN_DOCUMENTATION_COMMENTS = YES;
				CLANG_WARN_EMPTY_BODY = YES;
				CLANG_WARN_ENUM_CONVERSION = YES;
				CLANG_WARN_INFINITE_RECURSION = YES;
				CLANG_WARN_INT_CONVERSION = YES;
				CLANG_WARN_NON_LITERAL_NULL_CONVERSION = YES;
				CLANG_WARN_OBJC_IMPLICIT_RETAIN_SELF = YES;
				CLANG_WARN_OBJC_LITERAL_CONVERSION = YES;
				CLANG_WARN_OBJC_ROOT_CLASS = YES_ERROR;
				CLANG_WARN_QUOTED_INCLUDE_IN_FRAMEWORK_HEADER = YES;
				CLANG_WARN_RANGE_LOOP_ANALYSIS = YES;
				CLANG_WARN_STRICT_PROTOTYPES = YES;
				CLANG_WARN_SUSPICIOUS_MOVE = YES;
				CLANG_WARN_UNGUARDED_AVAILABILITY = YES_AGGRESSIVE;
				CLANG_WARN_UNREACHABLE_CODE = YES;
				CLANG_WARN__DUPLICATE_METHOD_MATCH = YES;
				COPY_PHASE_STRIP = NO;
				DEBUG_INFORMATION_FORMAT = "dwarf-with-dsym";
				ENABLE_NS_ASSERTIONS = NO;
				ENABLE_STRICT_OBJC_MSGSEND = YES;
				GCC_C_LANGUAGE_STANDARD = gnu11;
				GCC_NO_COMMON_BLOCKS = YES;
				GCC_WARN_64_TO_32_BIT_CONVERSION = YES;
				GCC_WARN_ABOUT_RETURN_TYPE = YES_ERROR;
				GCC_WARN_UNDECLARED_SELECTOR = YES;
				GCC_WARN_UNINITIALIZED_AUTOS = YES_AGGRESSIVE;
				GCC_WARN_UNUSED_FUNCTION = YES;
				GCC_WARN_UNUSED_VARIABLE = YES;
				IPHONEOS_DEPLOYMENT_TARGET = 14.5;
				MTL_ENABLE_DEBUG_INFO = NO;
				MTL_FAST_MATH = YES;
				SDKROOT = iphoneos;
				SWIFT_COMPILATION_MODE = wholemodule;
				SWIFT_OPTIMIZATION_LEVEL = "-O";
				VALIDATE_PRODUCT = YES;
			};
			name = Release;
		};
		7669FFE726A8440200FED6C9 /* Debug */ = {
			isa = XCBuildConfiguration;
			buildSettings = {
				ASSETCATALOG_COMPILER_APPICON_NAME = AppIcon;
				ASSETCATALOG_COMPILER_GLOBAL_ACCENT_COLOR_NAME = AccentColor;
				CODE_SIGN_STYLE = Automatic;
				DEVELOPMENT_TEAM = 4B3FA9X6ZD;
				INFOPLIST_FILE = xibTestProject/Info.plist;
				LD_RUNPATH_SEARCH_PATHS = (
					"$(inherited)",
					"@executable_path/Frameworks",
				);
				PRODUCT_BUNDLE_IDENTIFIER = minseopKim.xibTestProject;
				PRODUCT_NAME = "$(TARGET_NAME)";
				SWIFT_VERSION = 5.0;
				TARGETED_DEVICE_FAMILY = "1,2";
			};
			name = Debug;
		};
		7669FFE826A8440200FED6C9 /* Release */ = {
			isa = XCBuildConfiguration;
			buildSettings = {
				ASSETCATALOG_COMPILER_APPICON_NAME = AppIcon;
				ASSETCATALOG_COMPILER_GLOBAL_ACCENT_COLOR_NAME = AccentColor;
				CODE_SIGN_STYLE = Automatic;
				DEVELOPMENT_TEAM = 4B3FA9X6ZD;
				INFOPLIST_FILE = xibTestProject/Info.plist;
				LD_RUNPATH_SEARCH_PATHS = (
					"$(inherited)",
					"@executable_path/Frameworks",
				);
				PRODUCT_BUNDLE_IDENTIFIER = minseopKim.xibTestProject;
				PRODUCT_NAME = "$(TARGET_NAME)";
				SWIFT_VERSION = 5.0;
				TARGETED_DEVICE_FAMILY = "1,2";
			};
			name = Release;
		};
/* End XCBuildConfiguration section */

/* Begin XCConfigurationList section */
		7669FFCD26A8440100FED6C9 /* Build configuration list for PBXProject "xibTestProject" */ = {
			isa = XCConfigurationList;
			buildConfigurations = (
				7669FFE426A8440200FED6C9 /* Debug */,
				7669FFE526A8440200FED6C9 /* Release */,
			);
			defaultConfigurationIsVisible = 0;
			defaultConfigurationName = Release;
		};
		7669FFE626A8440200FED6C9 /* Build configuration list for PBXNativeTarget "xibTestProject" */ = {
			isa = XCConfigurationList;
			buildConfigurations = (
				7669FFE726A8440200FED6C9 /* Debug */,
				7669FFE826A8440200FED6C9 /* Release */,
			);
			defaultConfigurationIsVisible = 0;
			defaultConfigurationName = Release;
		};
/* End XCConfigurationList section */
	};
	rootObject = 7669FFCA26A8440100FED6C9 /* Project object */;
}
