// !$*UTF8*$!
{
	archiveVersion = 1;
	classes = {
	};
	objectVersion = 50;
	objects = {

/* Begin PBXBuildFile section */
		766EA01F24D84C49002778A9 /* AppDelegate.swift in Sources */ = {isa = PBXBuildFile; fileRef = 766EA01E24D84C49002778A9 /* AppDelegate.swift */; };
		766EA02124D84C49002778A9 /* SceneDelegate.swift in Sources */ = {isa = PBXBuildFile; fileRef = 766EA02024D84C49002778A9 /* SceneDelegate.swift */; };
		766EA02324D84C49002778A9 /* ViewController.swift in Sources */ = {isa = PBXBuildFile; fileRef = 766EA02224D84C49002778A9 /* ViewController.swift */; };
		766EA02624D84C49002778A9 /* Main.storyboard in Resources */ = {isa = PBXBuildFile; fileRef = 766EA02424D84C49002778A9 /* Main.storyboard */; };
		766EA02924D84C49002778A9 /* CoreDataStudy.xcdatamodeld in Sources */ = {isa = PBXBuildFile; fileRef = 766EA02724D84C49002778A9 /* CoreDataStudy.xcdatamodeld */; };
		766EA02B24D84C4D002778A9 /* Assets.xcassets in Resources */ = {isa = PBXBuildFile; fileRef = 766EA02A24D84C4D002778A9 /* Assets.xcassets */; };
		766EA02E24D84C4D002778A9 /* LaunchScreen.storyboard in Resources */ = {isa = PBXBuildFile; fileRef = 766EA02C24D84C4D002778A9 /* LaunchScreen.storyboard */; };
/* End PBXBuildFile section */

/* Begin PBXFileReference section */
		766EA01B24D84C49002778A9 /* CoreDataStudy.app */ = {isa = PBXFileReference; explicitFileType = wrapper.application; includeInIndex = 0; path = CoreDataStudy.app; sourceTree = BUILT_PRODUCTS_DIR; };
		766EA01E24D84C49002778A9 /* AppDelegate.swift */ = {isa = PBXFileReference; lastKnownFileType = sourcecode.swift; path = AppDelegate.swift; sourceTree = "<group>"; };
		766EA02024D84C49002778A9 /* SceneDelegate.swift */ = {isa = PBXFileReference; lastKnownFileType = sourcecode.swift; path = SceneDelegate.swift; sourceTree = "<group>"; };
		766EA02224D84C49002778A9 /* ViewController.swift */ = {isa = PBXFileReference; lastKnownFileType = sourcecode.swift; path = ViewController.swift; sourceTree = "<group>"; };
		766EA02524D84C49002778A9 /* Base */ = {isa = PBXFileReference; lastKnownFileType = file.storyboard; name = Base; path = Base.lproj/Main.storyboard; sourceTree = "<group>"; };
		766EA02824D84C49002778A9 /* CoreDataStudy.xcdatamodel */ = {isa = PBXFileReference; lastKnownFileType = wrapper.xcdatamodel; path = CoreDataStudy.xcdatamodel; sourceTree = "<group>"; };
		766EA02A24D84C4D002778A9 /* Assets.xcassets */ = {isa = PBXFileReference; lastKnownFileType = folder.assetcatalog; path = Assets.xcassets; sourceTree = "<group>"; };
		766EA02D24D84C4D002778A9 /* Base */ = {isa = PBXFileReference; lastKnownFileType = file.storyboard; name = Base; path = Base.lproj/LaunchScreen.storyboard; sourceTree = "<group>"; };
		766EA02F24D84C4D002778A9 /* Info.plist */ = {isa = PBXFileReference; lastKnownFileType = text.plist.xml; path = Info.plist; sourceTree = "<group>"; };
/* End PBXFileReference section */

/* Begin PBXFrameworksBuildPhase section */
		766EA01824D84C49002778A9 /* Frameworks */ = {
			isa = PBXFrameworksBuildPhase;
			buildActionMask = 2147483647;
			files = (
			);
			runOnlyForDeploymentPostprocessing = 0;
		};
/* End PBXFrameworksBuildPhase section */

/* Begin PBXGroup section */
		766EA01224D84C49002778A9 = {
			isa = PBXGroup;
			children = (
				766EA01D24D84C49002778A9 /* CoreDataStudy */,
				766EA01C24D84C49002778A9 /* Products */,
			);
			sourceTree = "<group>";
		};
		766EA01C24D84C49002778A9 /* Products */ = {
			isa = PBXGroup;
			children = (
				766EA01B24D84C49002778A9 /* CoreDataStudy.app */,
			);
			name = Products;
			sourceTree = "<group>";
		};
		766EA01D24D84C49002778A9 /* CoreDataStudy */ = {
			isa = PBXGroup;
			children = (
				766EA01E24D84C49002778A9 /* AppDelegate.swift */,
				766EA02024D84C49002778A9 /* SceneDelegate.swift */,
				766EA02224D84C49002778A9 /* ViewController.swift */,
				766EA02424D84C49002778A9 /* Main.storyboard */,
				766EA02A24D84C4D002778A9 /* Assets.xcassets */,
				766EA02C24D84C4D002778A9 /* LaunchScreen.storyboard */,
				766EA02F24D84C4D002778A9 /* Info.plist */,
				766EA02724D84C49002778A9 /* CoreDataStudy.xcdatamodeld */,
			);
			path = CoreDataStudy;
			sourceTree = "<group>";
		};
/* End PBXGroup section */

/* Begin PBXNativeTarget section */
		766EA01A24D84C49002778A9 /* CoreDataStudy */ = {
			isa = PBXNativeTarget;
			buildConfigurationList = 766EA03224D84C4D002778A9 /* Build configuration list for PBXNativeTarget "CoreDataStudy" */;
			buildPhases = (
				766EA01724D84C49002778A9 /* Sources */,
				766EA01824D84C49002778A9 /* Frameworks */,
				766EA01924D84C49002778A9 /* Resources */,
			);
			buildRules = (
			);
			dependencies = (
			);
			name = CoreDataStudy;
			productName = CoreDataStudy;
			productReference = 766EA01B24D84C49002778A9 /* CoreDataStudy.app */;
			productType = "com.apple.product-type.application";
		};
/* End PBXNativeTarget section */

/* Begin PBXProject section */
		766EA01324D84C49002778A9 /* Project object */ = {
			isa = PBXProject;
			attributes = {
				LastSwiftUpdateCheck = 1160;
				LastUpgradeCheck = 1160;
				ORGANIZATIONNAME = "Minseop Kim";
				TargetAttributes = {
					766EA01A24D84C49002778A9 = {
						CreatedOnToolsVersion = 11.6;
					};
				};
			};
			buildConfigurationList = 766EA01624D84C49002778A9 /* Build configuration list for PBXProject "CoreDataStudy" */;
			compatibilityVersion = "Xcode 9.3";
			developmentRegion = en;
			hasScannedForEncodings = 0;
			knownRegions = (
				en,
				Base,
			);
			mainGroup = 766EA01224D84C49002778A9;
			productRefGroup = 766EA01C24D84C49002778A9 /* Products */;
			projectDirPath = "";
			projectRoot = "";
			targets = (
				766EA01A24D84C49002778A9 /* CoreDataStudy */,
			);
		};
/* End PBXProject section */

/* Begin PBXResourcesBuildPhase section */
		766EA01924D84C49002778A9 /* Resources */ = {
			isa = PBXResourcesBuildPhase;
			buildActionMask = 2147483647;
			files = (
				766EA02E24D84C4D002778A9 /* LaunchScreen.storyboard in Resources */,
				766EA02B24D84C4D002778A9 /* Assets.xcassets in Resources */,
				766EA02624D84C49002778A9 /* Main.storyboard in Resources */,
			);
			runOnlyForDeploymentPostprocessing = 0;
		};
/* End PBXResourcesBuildPhase section */

/* Begin PBXSourcesBuildPhase section */
		766EA01724D84C49002778A9 /* Sources */ = {
			isa = PBXSourcesBuildPhase;
			buildActionMask = 2147483647;
			files = (
				766EA02324D84C49002778A9 /* ViewController.swift in Sources */,
				766EA01F24D84C49002778A9 /* AppDelegate.swift in Sources */,
				766EA02924D84C49002778A9 /* CoreDataStudy.xcdatamodeld in Sources */,
				766EA02124D84C49002778A9 /* SceneDelegate.swift in Sources */,
			);
			runOnlyForDeploymentPostprocessing = 0;
		};
/* End PBXSourcesBuildPhase section */

/* Begin PBXVariantGroup section */
		766EA02424D84C49002778A9 /* Main.storyboard */ = {
			isa = PBXVariantGroup;
			children = (
				766EA02524D84C49002778A9 /* Base */,
			);
			name = Main.storyboard;
			sourceTree = "<group>";
		};
		766EA02C24D84C4D002778A9 /* LaunchScreen.storyboard */ = {
			isa = PBXVariantGroup;
			children = (
				766EA02D24D84C4D002778A9 /* Base */,
			);
			name = LaunchScreen.storyboard;
			sourceTree = "<group>";
		};
/* End PBXVariantGroup section */

/* Begin XCBuildConfiguration section */
		766EA03024D84C4D002778A9 /* Debug */ = {
			isa = XCBuildConfiguration;
			buildSettings = {
				ALWAYS_SEARCH_USER_PATHS = NO;
				CLANG_ANALYZER_NONNULL = YES;
				CLANG_ANALYZER_NUMBER_OBJECT_CONVERSION = YES_AGGRESSIVE;
				CLANG_CXX_LANGUAGE_STANDARD = "gnu++14";
				CLANG_CXX_LIBRARY = "libc++";
				CLANG_ENABLE_MODULES = YES;
				CLANG_ENABLE_OBJC_ARC = YES;
				CLANG_ENABLE_OBJC_WEAK = YES;
				CLANG_WARN_BLOCK_CAPTURE_AUTORELEASING = YES;
				CLANG_WARN_BOOL_CONVERSION = YES;
				CLANG_WARN_COMMA = YES;
				CLANG_WARN_CONSTANT_CONVERSION = YES;
				CLANG_WARN_DEPRECATED_OBJC_IMPLEMENTATIONS = YES;
				CLANG_WARN_DIRECT_OBJC_ISA_USAGE = YES_ERROR;
				CLANG_WARN_DOCUMENTATION_COMMENTS = YES;
				CLANG_WARN_EMPTY_BODY = YES;
				CLANG_WARN_ENUM_CONVERSION = YES;
				CLANG_WARN_INFINITE_RECURSION = YES;
				CLANG_WARN_INT_CONVERSION = YES;
				CLANG_WARN_NON_LITERAL_NULL_CONVERSION = YES;
				CLANG_WARN_OBJC_IMPLICIT_RETAIN_SELF = YES;
				CLANG_WARN_OBJC_LITERAL_CONVERSION = YES;
				CLANG_WARN_OBJC_ROOT_CLASS = YES_ERROR;
				CLANG_WARN_RANGE_LOOP_ANALYSIS = YES;
				CLANG_WARN_STRICT_PROTOTYPES = YES;
				CLANG_WARN_SUSPICIOUS_MOVE = YES;
				CLANG_WARN_UNGUARDED_AVAILABILITY = YES_AGGRESSIVE;
				CLANG_WARN_UNREACHABLE_CODE = YES;
				CLANG_WARN__DUPLICATE_METHOD_MATCH = YES;
				COPY_PHASE_STRIP = NO;
				DEBUG_INFORMATION_FORMAT = dwarf;
				ENABLE_STRICT_OBJC_MSGSEND = YES;
				ENABLE_TESTABILITY = YES;
				GCC_C_LANGUAGE_STANDARD = gnu11;
				GCC_DYNAMIC_NO_PIC = NO;
				GCC_NO_COMMON_BLOCKS = YES;
				GCC_OPTIMIZATION_LEVEL = 0;
				GCC_PREPROCESSOR_DEFINITIONS = (
					"DEBUG=1",
					"$(inherited)",
				);
				GCC_WARN_64_TO_32_BIT_CONVERSION = YES;
				GCC_WARN_ABOUT_RETURN_TYPE = YES_ERROR;
				GCC_WARN_UNDECLARED_SELECTOR = YES;
				GCC_WARN_UNINITIALIZED_AUTOS = YES_AGGRESSIVE;
				GCC_WARN_UNUSED_FUNCTION = YES;
				GCC_WARN_UNUSED_VARIABLE = YES;
				IPHONEOS_DEPLOYMENT_TARGET = 13.6;
				MTL_ENABLE_DEBUG_INFO = INCLUDE_SOURCE;
				MTL_FAST_MATH = YES;
				ONLY_ACTIVE_ARCH = YES;
				SDKROOT = iphoneos;
				SWIFT_ACTIVE_COMPILATION_CONDITIONS = DEBUG;
				SWIFT_OPTIMIZATION_LEVEL = "-Onone";
			};
			name = Debug;
		};
		766EA03124D84C4D002778A9 /* Release */ = {
			isa = XCBuildConfiguration;
			buildSettings = {
				ALWAYS_SEARCH_USER_PATHS = NO;
				CLANG_ANALYZER_NONNULL = YES;
				CLANG_ANALYZER_NUMBER_OBJECT_CONVERSION = YES_AGGRESSIVE;
				CLANG_CXX_LANGUAGE_STANDARD = "gnu++14";
				CLANG_CXX_LIBRARY = "libc++";
				CLANG_ENABLE_MODULES = YES;
				CLANG_ENABLE_OBJC_ARC = YES;
				CLANG_ENABLE_OBJC_WEAK = YES;
				CLANG_WARN_BLOCK_CAPTURE_AUTORELEASING = YES;
				CLANG_WARN_BOOL_CONVERSION = YES;
				CLANG_WARN_COMMA = YES;
				CLANG_WARN_CONSTANT_CONVERSION = YES;
				CLANG_WARN_DEPRECATED_OBJC_IMPLEMENTATIONS = YES;
				CLANG_WARN_DIRECT_OBJC_ISA_USAGE = YES_ERROR;
				CLANG_WARN_DOCUMENTATION_COMMENTS = YES;
				CLANG_WARN_EMPTY_BODY = YES;
				CLANG_WARN_ENUM_CONVERSION = YES;
				CLANG_WARN_INFINITE_RECURSION = YES;
				CLANG_WARN_INT_CONVERSION = YES;
				CLANG_WARN_NON_LITERAL_NULL_CONVERSION = YES;
				CLANG_WARN_OBJC_IMPLICIT_RETAIN_SELF = YES;
				CLANG_WARN_OBJC_LITERAL_CONVERSION = YES;
				CLANG_WARN_OBJC_ROOT_CLASS = YES_ERROR;
				CLANG_WARN_RANGE_LOOP_ANALYSIS = YES;
				CLANG_WARN_STRICT_PROTOTYPES = YES;
				CLANG_WARN_SUSPICIOUS_MOVE = YES;
				CLANG_WARN_UNGUARDED_AVAILABILITY = YES_AGGRESSIVE;
				CLANG_WARN_UNREACHABLE_CODE = YES;
				CLANG_WARN__DUPLICATE_METHOD_MATCH = YES;
				COPY_PHASE_STRIP = NO;
				DEBUG_INFORMATION_FORMAT = "dwarf-with-dsym";
				ENABLE_NS_ASSERTIONS = NO;
				ENABLE_STRICT_OBJC_MSGSEND = YES;
				GCC_C_LANGUAGE_STANDARD = gnu11;
				GCC_NO_COMMON_BLOCKS = YES;
				GCC_WARN_64_TO_32_BIT_CONVERSION = YES;
				GCC_WARN_ABOUT_RETURN_TYPE = YES_ERROR;
				GCC_WARN_UNDECLARED_SELECTOR = YES;
				GCC_WARN_UNINITIALIZED_AUTOS = YES_AGGRESSIVE;
				GCC_WARN_UNUSED_FUNCTION = YES;
				GCC_WARN_UNUSED_VARIABLE = YES;
				IPHONEOS_DEPLOYMENT_TARGET = 13.6;
				MTL_ENABLE_DEBUG_INFO = NO;
				MTL_FAST_MATH = YES;
				SDKROOT = iphoneos;
				SWIFT_COMPILATION_MODE = wholemodule;
				SWIFT_OPTIMIZATION_LEVEL = "-O";
				VALIDATE_PRODUCT = YES;
			};
			name = Release;
		};
		766EA03324D84C4D002778A9 /* Debug */ = {
			isa = XCBuildConfiguration;
			buildSettings = {
				ASSETCATALOG_COMPILER_APPICON_NAME = AppIcon;
				CODE_SIGN_STYLE = Automatic;
				DEVELOPMENT_TEAM = 4B3FA9X6ZD;
				INFOPLIST_FILE = CoreDataStudy/Info.plist;
				LD_RUNPATH_SEARCH_PATHS = (
					"$(inherited)",
					"@executable_path/Frameworks",
				);
				PRODUCT_BUNDLE_IDENTIFIER = minseopKim.CoreDataStudy;
				PRODUCT_NAME = "$(TARGET_NAME)";
				SWIFT_VERSION = 5.0;
				TARGETED_DEVICE_FAMILY = "1,2";
			};
			name = Debug;
		};
		766EA03424D84C4D002778A9 /* Release */ = {
			isa = XCBuildConfiguration;
			buildSettings = {
				ASSETCATALOG_COMPILER_APPICON_NAME = AppIcon;
				CODE_SIGN_STYLE = Automatic;
				DEVELOPMENT_TEAM = 4B3FA9X6ZD;
				INFOPLIST_FILE = CoreDataStudy/Info.plist;
				LD_RUNPATH_SEARCH_PATHS = (
					"$(inherited)",
					"@executable_path/Frameworks",
				);
				PRODUCT_BUNDLE_IDENTIFIER = minseopKim.CoreDataStudy;
				PRODUCT_NAME = "$(TARGET_NAME)";
				SWIFT_VERSION = 5.0;
				TARGETED_DEVICE_FAMILY = "1,2";
			};
			name = Release;
		};
/* End XCBuildConfiguration section */

/* Begin XCConfigurationList section */
		766EA01624D84C49002778A9 /* Build configuration list for PBXProject "CoreDataStudy" */ = {
			isa = XCConfigurationList;
			buildConfigurations = (
				766EA03024D84C4D002778A9 /* Debug */,
				766EA03124D84C4D002778A9 /* Release */,
			);
			defaultConfigurationIsVisible = 0;
			defaultConfigurationName = Release;
		};
		766EA03224D84C4D002778A9 /* Build configuration list for PBXNativeTarget "CoreDataStudy" */ = {
			isa = XCConfigurationList;
			buildConfigurations = (
				766EA03324D84C4D002778A9 /* Debug */,
				766EA03424D84C4D002778A9 /* Release */,
			);
			defaultConfigurationIsVisible = 0;
			defaultConfigurationName = Release;
		};
/* End XCConfigurationList section */

/* Begin XCVersionGroup section */
		766EA02724D84C49002778A9 /* CoreDataStudy.xcdatamodeld */ = {
			isa = XCVersionGroup;
			children = (
				766EA02824D84C49002778A9 /* CoreDataStudy.xcdatamodel */,
			);
			currentVersion = 766EA02824D84C49002778A9 /* CoreDataStudy.xcdatamodel */;
			path = CoreDataStudy.xcdatamodeld;
			sourceTree = "<group>";
			versionGroupType = wrapper.xcdatamodel;
		};
/* End XCVersionGroup section */
	};
	rootObject = 766EA01324D84C49002778A9 /* Project object */;
}
