// !$*UTF8*$!
{
	archiveVersion = 1;
	classes = {
	};
	objectVersion = 55;
	objects = {

/* Begin PBXBuildFile section */
		768FB3772897A01100FF2487 /* LandMarkApp.swift in Sources */ = {isa = PBXBuildFile; fileRef = 768FB3762897A01100FF2487 /* LandMarkApp.swift */; };
		768FB3792897A01100FF2487 /* ContentView.swift in Sources */ = {isa = PBXBuildFile; fileRef = 768FB3782897A01100FF2487 /* ContentView.swift */; };
		768FB37B2897A01300FF2487 /* Assets.xcassets in Resources */ = {isa = PBXBuildFile; fileRef = 768FB37A2897A01300FF2487 /* Assets.xcassets */; };
		768FB37E2897A01300FF2487 /* Preview Assets.xcassets in Resources */ = {isa = PBXBuildFile; fileRef = 768FB37D2897A01300FF2487 /* Preview Assets.xcassets */; };
		768FB3852897A19800FF2487 /* CircleView.swift in Sources */ = {isa = PBXBuildFile; fileRef = 768FB3842897A19800FF2487 /* CircleView.swift */; };
		768FB3872897A2BF00FF2487 /* MapView.swift in Sources */ = {isa = PBXBuildFile; fileRef = 768FB3862897A2BF00FF2487 /* MapView.swift */; };
		768FB3892897B88C00FF2487 /* landmarkData.json in Resources */ = {isa = PBXBuildFile; fileRef = 768FB3882897B88C00FF2487 /* landmarkData.json */; };
		768FB38D2897B8FF00FF2487 /* Landmark.swift in Sources */ = {isa = PBXBuildFile; fileRef = 768FB38C2897B8FF00FF2487 /* Landmark.swift */; };
		768FB38F2897BBA500FF2487 /* ModelData.swift in Sources */ = {isa = PBXBuildFile; fileRef = 768FB38E2897BBA500FF2487 /* ModelData.swift */; };
		768FB3922897C0FB00FF2487 /* LandmarkRow.swift in Sources */ = {isa = PBXBuildFile; fileRef = 768FB3912897C0FB00FF2487 /* LandmarkRow.swift */; };
		768FB3942897C28A00FF2487 /* LandmarkList.swift in Sources */ = {isa = PBXBuildFile; fileRef = 768FB3932897C28A00FF2487 /* LandmarkList.swift */; };
		768FB3962897C49600FF2487 /* LandmarkDetail.swift in Sources */ = {isa = PBXBuildFile; fileRef = 768FB3952897C49600FF2487 /* LandmarkDetail.swift */; };
/* End PBXBuildFile section */

/* Begin PBXFileReference section */
		768FB3732897A01100FF2487 /* LandMark.app */ = {isa = PBXFileReference; explicitFileType = wrapper.application; includeInIndex = 0; path = LandMark.app; sourceTree = BUILT_PRODUCTS_DIR; };
		768FB3762897A01100FF2487 /* LandMarkApp.swift */ = {isa = PBXFileReference; lastKnownFileType = sourcecode.swift; path = LandMarkApp.swift; sourceTree = "<group>"; };
		768FB3782897A01100FF2487 /* ContentView.swift */ = {isa = PBXFileReference; lastKnownFileType = sourcecode.swift; path = ContentView.swift; sourceTree = "<group>"; };
		768FB37A2897A01300FF2487 /* Assets.xcassets */ = {isa = PBXFileReference; lastKnownFileType = folder.assetcatalog; path = Assets.xcassets; sourceTree = "<group>"; };
		768FB37D2897A01300FF2487 /* Preview Assets.xcassets */ = {isa = PBXFileReference; lastKnownFileType = folder.assetcatalog; path = "Preview Assets.xcassets"; sourceTree = "<group>"; };
		768FB3842897A19800FF2487 /* CircleView.swift */ = {isa = PBXFileReference; lastKnownFileType = sourcecode.swift; path = CircleView.swift; sourceTree = "<group>"; };
		768FB3862897A2BF00FF2487 /* MapView.swift */ = {isa = PBXFileReference; lastKnownFileType = sourcecode.swift; path = MapView.swift; sourceTree = "<group>"; };
		768FB3882897B88C00FF2487 /* landmarkData.json */ = {isa = PBXFileReference; fileEncoding = 4; lastKnownFileType = text.json; path = landmarkData.json; sourceTree = "<group>"; };
		768FB38C2897B8FF00FF2487 /* Landmark.swift */ = {isa = PBXFileReference; lastKnownFileType = sourcecode.swift; path = Landmark.swift; sourceTree = "<group>"; };
		768FB38E2897BBA500FF2487 /* ModelData.swift */ = {isa = PBXFileReference; lastKnownFileType = sourcecode.swift; path = ModelData.swift; sourceTree = "<group>"; };
		768FB3912897C0FB00FF2487 /* LandmarkRow.swift */ = {isa = PBXFileReference; lastKnownFileType = sourcecode.swift; path = LandmarkRow.swift; sourceTree = "<group>"; };
		768FB3932897C28A00FF2487 /* LandmarkList.swift */ = {isa = PBXFileReference; lastKnownFileType = sourcecode.swift; path = LandmarkList.swift; sourceTree = "<group>"; };
		768FB3952897C49600FF2487 /* LandmarkDetail.swift */ = {isa = PBXFileReference; lastKnownFileType = sourcecode.swift; path = LandmarkDetail.swift; sourceTree = "<group>"; };
/* End PBXFileReference section */

/* Begin PBXFrameworksBuildPhase section */
		768FB3702897A01100FF2487 /* Frameworks */ = {
			isa = PBXFrameworksBuildPhase;
			buildActionMask = 2147483647;
			files = (
			);
			runOnlyForDeploymentPostprocessing = 0;
		};
/* End PBXFrameworksBuildPhase section */

/* Begin PBXGroup section */
		768FB36A2897A01100FF2487 = {
			isa = PBXGroup;
			children = (
				768FB3752897A01100FF2487 /* LandMark */,
				768FB3742897A01100FF2487 /* Products */,
			);
			sourceTree = "<group>";
		};
		768FB3742897A01100FF2487 /* Products */ = {
			isa = PBXGroup;
			children = (
				768FB3732897A01100FF2487 /* LandMark.app */,
			);
			name = Products;
			sourceTree = "<group>";
		};
		768FB3752897A01100FF2487 /* LandMark */ = {
			isa = PBXGroup;
			children = (
				768FB3902897BBC700FF2487 /* Resource */,
				768FB38B2897B8B800FF2487 /* View */,
				768FB38A2897B8AA00FF2487 /* Model */,
				768FB3762897A01100FF2487 /* LandMarkApp.swift */,
				768FB37A2897A01300FF2487 /* Assets.xcassets */,
				768FB37C2897A01300FF2487 /* Preview Content */,
			);
			path = LandMark;
			sourceTree = "<group>";
		};
		768FB37C2897A01300FF2487 /* Preview Content */ = {
			isa = PBXGroup;
			children = (
				768FB37D2897A01300FF2487 /* Preview Assets.xcassets */,
			);
			path = "Preview Content";
			sourceTree = "<group>";
		};
		768FB38A2897B8AA00FF2487 /* Model */ = {
			isa = PBXGroup;
			children = (
				768FB38C2897B8FF00FF2487 /* Landmark.swift */,
				768FB38E2897BBA500FF2487 /* ModelData.swift */,
			);
			path = Model;
			sourceTree = "<group>";
		};
		768FB38B2897B8B800FF2487 /* View */ = {
			isa = PBXGroup;
			children = (
				768FB3782897A01100FF2487 /* ContentView.swift */,
				768FB3842897A19800FF2487 /* CircleView.swift */,
				768FB3932897C28A00FF2487 /* LandmarkList.swift */,
				768FB3862897A2BF00FF2487 /* MapView.swift */,
				768FB3952897C49600FF2487 /* LandmarkDetail.swift */,
				768FB3912897C0FB00FF2487 /* LandmarkRow.swift */,
			);
			path = View;
			sourceTree = "<group>";
		};
		768FB3902897BBC700FF2487 /* Resource */ = {
			isa = PBXGroup;
			children = (
				768FB3882897B88C00FF2487 /* landmarkData.json */,
			);
			path = Resource;
			sourceTree = "<group>";
		};
/* End PBXGroup section */

/* Begin PBXNativeTarget section */
		768FB3722897A01100FF2487 /* LandMark */ = {
			isa = PBXNativeTarget;
			buildConfigurationList = 768FB3812897A01300FF2487 /* Build configuration list for PBXNativeTarget "LandMark" */;
			buildPhases = (
				768FB36F2897A01100FF2487 /* Sources */,
				768FB3702897A01100FF2487 /* Frameworks */,
				768FB3712897A01100FF2487 /* Resources */,
			);
			buildRules = (
			);
			dependencies = (
			);
			name = LandMark;
			productName = LandMark;
			productReference = 768FB3732897A01100FF2487 /* LandMark.app */;
			productType = "com.apple.product-type.application";
		};
/* End PBXNativeTarget section */

/* Begin PBXProject section */
		768FB36B2897A01100FF2487 /* Project object */ = {
			isa = PBXProject;
			attributes = {
				BuildIndependentTargetsInParallel = 1;
				LastSwiftUpdateCheck = 1340;
				LastUpgradeCheck = 1340;
				TargetAttributes = {
					768FB3722897A01100FF2487 = {
						CreatedOnToolsVersion = 13.4.1;
					};
				};
			};
			buildConfigurationList = 768FB36E2897A01100FF2487 /* Build configuration list for PBXProject "LandMark" */;
			compatibilityVersion = "Xcode 13.0";
			developmentRegion = en;
			hasScannedForEncodings = 0;
			knownRegions = (
				en,
				Base,
			);
			mainGroup = 768FB36A2897A01100FF2487;
			productRefGroup = 768FB3742897A01100FF2487 /* Products */;
			projectDirPath = "";
			projectRoot = "";
			targets = (
				768FB3722897A01100FF2487 /* LandMark */,
			);
		};
/* End PBXProject section */

/* Begin PBXResourcesBuildPhase section */
		768FB3712897A01100FF2487 /* Resources */ = {
			isa = PBXResourcesBuildPhase;
			buildActionMask = 2147483647;
			files = (
				768FB37E2897A01300FF2487 /* Preview Assets.xcassets in Resources */,
				768FB37B2897A01300FF2487 /* Assets.xcassets in Resources */,
				768FB3892897B88C00FF2487 /* landmarkData.json in Resources */,
			);
			runOnlyForDeploymentPostprocessing = 0;
		};
/* End PBXResourcesBuildPhase section */

/* Begin PBXSourcesBuildPhase section */
		768FB36F2897A01100FF2487 /* Sources */ = {
			isa = PBXSourcesBuildPhase;
			buildActionMask = 2147483647;
			files = (
				768FB3852897A19800FF2487 /* CircleView.swift in Sources */,
				768FB3872897A2BF00FF2487 /* MapView.swift in Sources */,
				768FB3792897A01100FF2487 /* ContentView.swift in Sources */,
				768FB3942897C28A00FF2487 /* LandmarkList.swift in Sources */,
				768FB3962897C49600FF2487 /* LandmarkDetail.swift in Sources */,
				768FB3772897A01100FF2487 /* LandMarkApp.swift in Sources */,
				768FB38D2897B8FF00FF2487 /* Landmark.swift in Sources */,
				768FB3922897C0FB00FF2487 /* LandmarkRow.swift in Sources */,
				768FB38F2897BBA500FF2487 /* ModelData.swift in Sources */,
			);
			runOnlyForDeploymentPostprocessing = 0;
		};
/* End PBXSourcesBuildPhase section */

/* Begin XCBuildConfiguration section */
		768FB37F2897A01300FF2487 /* Debug */ = {
			isa = XCBuildConfiguration;
			buildSettings = {
				ALWAYS_SEARCH_USER_PATHS = NO;
				CLANG_ANALYZER_NONNULL = YES;
				CLANG_ANALYZER_NUMBER_OBJECT_CONVERSION = YES_AGGRESSIVE;
				CLANG_CXX_LANGUAGE_STANDARD = "gnu++17";
				CLANG_ENABLE_MODULES = YES;
				CLANG_ENABLE_OBJC_ARC = YES;
				CLANG_ENABLE_OBJC_WEAK = YES;
				CLANG_WARN_BLOCK_CAPTURE_AUTORELEASING = YES;
				CLANG_WARN_BOOL_CONVERSION = YES;
				CLANG_WARN_COMMA = YES;
				CLANG_WARN_CONSTANT_CONVERSION = YES;
				CLANG_WARN_DEPRECATED_OBJC_IMPLEMENTATIONS = YES;
				CLANG_WARN_DIRECT_OBJC_ISA_USAGE = YES_ERROR;
				CLANG_WARN_DOCUMENTATION_COMMENTS = YES;
				CLANG_WARN_EMPTY_BODY = YES;
				CLANG_WARN_ENUM_CONVERSION = YES;
				CLANG_WARN_INFINITE_RECURSION = YES;
				CLANG_WARN_INT_CONVERSION = YES;
				CLANG_WARN_NON_LITERAL_NULL_CONVERSION = YES;
				CLANG_WARN_OBJC_IMPLICIT_RETAIN_SELF = YES;
				CLANG_WARN_OBJC_LITERAL_CONVERSION = YES;
				CLANG_WARN_OBJC_ROOT_CLASS = YES_ERROR;
				CLANG_WARN_QUOTED_INCLUDE_IN_FRAMEWORK_HEADER = YES;
				CLANG_WARN_RANGE_LOOP_ANALYSIS = YES;
				CLANG_WARN_STRICT_PROTOTYPES = YES;
				CLANG_WARN_SUSPICIOUS_MOVE = YES;
				CLANG_WARN_UNGUARDED_AVAILABILITY = YES_AGGRESSIVE;
				CLANG_WARN_UNREACHABLE_CODE = YES;
				CLANG_WARN__DUPLICATE_METHOD_MATCH = YES;
				COPY_PHASE_STRIP = NO;
				DEBUG_INFORMATION_FORMAT = dwarf;
				ENABLE_STRICT_OBJC_MSGSEND = YES;
				ENABLE_TESTABILITY = YES;
				GCC_C_LANGUAGE_STANDARD = gnu11;
				GCC_DYNAMIC_NO_PIC = NO;
				GCC_NO_COMMON_BLOCKS = YES;
				GCC_OPTIMIZATION_LEVEL = 0;
				GCC_PREPROCESSOR_DEFINITIONS = (
					"DEBUG=1",
					"$(inherited)",
				);
				GCC_WARN_64_TO_32_BIT_CONVERSION = YES;
				GCC_WARN_ABOUT_RETURN_TYPE = YES_ERROR;
				GCC_WARN_UNDECLARED_SELECTOR = YES;
				GCC_WARN_UNINITIALIZED_AUTOS = YES_AGGRESSIVE;
				GCC_WARN_UNUSED_FUNCTION = YES;
				GCC_WARN_UNUSED_VARIABLE = YES;
				IPHONEOS_DEPLOYMENT_TARGET = 15.5;
				MTL_ENABLE_DEBUG_INFO = INCLUDE_SOURCE;
				MTL_FAST_MATH = YES;
				ONLY_ACTIVE_ARCH = YES;
				SDKROOT = iphoneos;
				SWIFT_ACTIVE_COMPILATION_CONDITIONS = DEBUG;
				SWIFT_OPTIMIZATION_LEVEL = "-Onone";
			};
			name = Debug;
		};
		768FB3802897A01300FF2487 /* Release */ = {
			isa = XCBuildConfiguration;
			buildSettings = {
				ALWAYS_SEARCH_USER_PATHS = NO;
				CLANG_ANALYZER_NONNULL = YES;
				CLANG_ANALYZER_NUMBER_OBJECT_CONVERSION = YES_AGGRESSIVE;
				CLANG_CXX_LANGUAGE_STANDARD = "gnu++17";
				CLANG_ENABLE_MODULES = YES;
				CLANG_ENABLE_OBJC_ARC = YES;
				CLANG_ENABLE_OBJC_WEAK = YES;
				CLANG_WARN_BLOCK_CAPTURE_AUTORELEASING = YES;
				CLANG_WARN_BOOL_CONVERSION = YES;
				CLANG_WARN_COMMA = YES;
				CLANG_WARN_CONSTANT_CONVERSION = YES;
				CLANG_WARN_DEPRECATED_OBJC_IMPLEMENTATIONS = YES;
				CLANG_WARN_DIRECT_OBJC_ISA_USAGE = YES_ERROR;
				CLANG_WARN_DOCUMENTATION_COMMENTS = YES;
				CLANG_WARN_EMPTY_BODY = YES;
				CLANG_WARN_ENUM_CONVERSION = YES;
				CLANG_WARN_INFINITE_RECURSION = YES;
				CLANG_WARN_INT_CONVERSION = YES;
				CLANG_WARN_NON_LITERAL_NULL_CONVERSION = YES;
				CLANG_WARN_OBJC_IMPLICIT_RETAIN_SELF = YES;
				CLANG_WARN_OBJC_LITERAL_CONVERSION = YES;
				CLANG_WARN_OBJC_ROOT_CLASS = YES_ERROR;
				CLANG_WARN_QUOTED_INCLUDE_IN_FRAMEWORK_HEADER = YES;
				CLANG_WARN_RANGE_LOOP_ANALYSIS = YES;
				CLANG_WARN_STRICT_PROTOTYPES = YES;
				CLANG_WARN_SUSPICIOUS_MOVE = YES;
				CLANG_WARN_UNGUARDED_AVAILABILITY = YES_AGGRESSIVE;
				CLANG_WARN_UNREACHABLE_CODE = YES;
				CLANG_WARN__DUPLICATE_METHOD_MATCH = YES;
				COPY_PHASE_STRIP = NO;
				DEBUG_INFORMATION_FORMAT = "dwarf-with-dsym";
				ENABLE_NS_ASSERTIONS = NO;
				ENABLE_STRICT_OBJC_MSGSEND = YES;
				GCC_C_LANGUAGE_STANDARD = gnu11;
				GCC_NO_COMMON_BLOCKS = YES;
				GCC_WARN_64_TO_32_BIT_CONVERSION = YES;
				GCC_WARN_ABOUT_RETURN_TYPE = YES_ERROR;
				GCC_WARN_UNDECLARED_SELECTOR = YES;
				GCC_WARN_UNINITIALIZED_AUTOS = YES_AGGRESSIVE;
				GCC_WARN_UNUSED_FUNCTION = YES;
				GCC_WARN_UNUSED_VARIABLE = YES;
				IPHONEOS_DEPLOYMENT_TARGET = 15.5;
				MTL_ENABLE_DEBUG_INFO = NO;
				MTL_FAST_MATH = YES;
				SDKROOT = iphoneos;
				SWIFT_COMPILATION_MODE = wholemodule;
				SWIFT_OPTIMIZATION_LEVEL = "-O";
				VALIDATE_PRODUCT = YES;
			};
			name = Release;
		};
		768FB3822897A01300FF2487 /* Debug */ = {
			isa = XCBuildConfiguration;
			buildSettings = {
				ASSETCATALOG_COMPILER_APPICON_NAME = AppIcon;
				ASSETCATALOG_COMPILER_GLOBAL_ACCENT_COLOR_NAME = AccentColor;
				CODE_SIGN_STYLE = Automatic;
				CURRENT_PROJECT_VERSION = 1;
				DEVELOPMENT_ASSET_PATHS = "\"LandMark/Preview Content\"";
				DEVELOPMENT_TEAM = 4B3FA9X6ZD;
				ENABLE_PREVIEWS = YES;
				GENERATE_INFOPLIST_FILE = YES;
				INFOPLIST_KEY_UIApplicationSceneManifest_Generation = YES;
				INFOPLIST_KEY_UIApplicationSupportsIndirectInputEvents = YES;
				INFOPLIST_KEY_UILaunchScreen_Generation = YES;
				INFOPLIST_KEY_UISupportedInterfaceOrientations_iPad = "UIInterfaceOrientationPortrait UIInterfaceOrientationPortraitUpsideDown UIInterfaceOrientationLandscapeLeft UIInterfaceOrientationLandscapeRight";
				INFOPLIST_KEY_UISupportedInterfaceOrientations_iPhone = "UIInterfaceOrientationPortrait UIInterfaceOrientationLandscapeLeft UIInterfaceOrientationLandscapeRight";
				LD_RUNPATH_SEARCH_PATHS = (
					"$(inherited)",
					"@executable_path/Frameworks",
				);
				MARKETING_VERSION = 1.0;
				PRODUCT_BUNDLE_IDENTIFIER = mskim.LandMark;
				PRODUCT_NAME = "$(TARGET_NAME)";
				SWIFT_EMIT_LOC_STRINGS = YES;
				SWIFT_VERSION = 5.0;
				TARGETED_DEVICE_FAMILY = "1,2";
			};
			name = Debug;
		};
		768FB3832897A01300FF2487 /* Release */ = {
			isa = XCBuildConfiguration;
			buildSettings = {
				ASSETCATALOG_COMPILER_APPICON_NAME = AppIcon;
				ASSETCATALOG_COMPILER_GLOBAL_ACCENT_COLOR_NAME = AccentColor;
				CODE_SIGN_STYLE = Automatic;
				CURRENT_PROJECT_VERSION = 1;
				DEVELOPMENT_ASSET_PATHS = "\"LandMark/Preview Content\"";
				DEVELOPMENT_TEAM = 4B3FA9X6ZD;
				ENABLE_PREVIEWS = YES;
				GENERATE_INFOPLIST_FILE = YES;
				INFOPLIST_KEY_UIApplicationSceneManifest_Generation = YES;
				INFOPLIST_KEY_UIApplicationSupportsIndirectInputEvents = YES;
				INFOPLIST_KEY_UILaunchScreen_Generation = YES;
				INFOPLIST_KEY_UISupportedInterfaceOrientations_iPad = "UIInterfaceOrientationPortrait UIInterfaceOrientationPortraitUpsideDown UIInterfaceOrientationLandscapeLeft UIInterfaceOrientationLandscapeRight";
				INFOPLIST_KEY_UISupportedInterfaceOrientations_iPhone = "UIInterfaceOrientationPortrait UIInterfaceOrientationLandscapeLeft UIInterfaceOrientationLandscapeRight";
				LD_RUNPATH_SEARCH_PATHS = (
					"$(inherited)",
					"@executable_path/Frameworks",
				);
				MARKETING_VERSION = 1.0;
				PRODUCT_BUNDLE_IDENTIFIER = mskim.LandMark;
				PRODUCT_NAME = "$(TARGET_NAME)";
				SWIFT_EMIT_LOC_STRINGS = YES;
				SWIFT_VERSION = 5.0;
				TARGETED_DEVICE_FAMILY = "1,2";
			};
			name = Release;
		};
/* End XCBuildConfiguration section */

/* Begin XCConfigurationList section */
		768FB36E2897A01100FF2487 /* Build configuration list for PBXProject "LandMark" */ = {
			isa = XCConfigurationList;
			buildConfigurations = (
				768FB37F2897A01300FF2487 /* Debug */,
				768FB3802897A01300FF2487 /* Release */,
			);
			defaultConfigurationIsVisible = 0;
			defaultConfigurationName = Release;
		};
		768FB3812897A01300FF2487 /* Build configuration list for PBXNativeTarget "LandMark" */ = {
			isa = XCConfigurationList;
			buildConfigurations = (
				768FB3822897A01300FF2487 /* Debug */,
				768FB3832897A01300FF2487 /* Release */,
			);
			defaultConfigurationIsVisible = 0;
			defaultConfigurationName = Release;
		};
/* End XCConfigurationList section */
	};
	rootObject = 768FB36B2897A01100FF2487 /* Project object */;
}
